// !$*UTF8*$!
{
	archiveVersion = 1;
	classes = {
	};
	objectVersion = 50;
	objects = {

/* Begin PBXBuildFile section */
		BBC9ADC4240BA294002322CE /* ContentsTableViewController.swift in Sources */ = {isa = PBXBuildFile; fileRef = BBC9ADC3240BA294002322CE /* ContentsTableViewController.swift */; };
		BBC9ADC6240BA2E8002322CE /* ContentsInfo.swift in Sources */ = {isa = PBXBuildFile; fileRef = BBC9ADC5240BA2E8002322CE /* ContentsInfo.swift */; };
		BBC9ADCC240C8B13002322CE /* IntroViewController.swift in Sources */ = {isa = PBXBuildFile; fileRef = BBC9ADCB240C8B13002322CE /* IntroViewController.swift */; };
		BBC9ADCE240DF3CF002322CE /* BasicMultiplicationViewController.swift in Sources */ = {isa = PBXBuildFile; fileRef = BBC9ADCD240DF3CF002322CE /* BasicMultiplicationViewController.swift */; };
		BBDB04C823493F9500A6793C /* AppDelegate.swift in Sources */ = {isa = PBXBuildFile; fileRef = BBDB04C723493F9500A6793C /* AppDelegate.swift */; };
		BBDB04CD23493F9500A6793C /* Main.storyboard in Resources */ = {isa = PBXBuildFile; fileRef = BBDB04CB23493F9500A6793C /* Main.storyboard */; };
		BBDB04CF23493F9600A6793C /* Assets.xcassets in Resources */ = {isa = PBXBuildFile; fileRef = BBDB04CE23493F9600A6793C /* Assets.xcassets */; };
		BBDB04D223493F9600A6793C /* LaunchScreen.storyboard in Resources */ = {isa = PBXBuildFile; fileRef = BBDB04D023493F9600A6793C /* LaunchScreen.storyboard */; };
/* End PBXBuildFile section */

/* Begin PBXFileReference section */
		BBC9ADC3240BA294002322CE /* ContentsTableViewController.swift */ = {isa = PBXFileReference; lastKnownFileType = sourcecode.swift; path = ContentsTableViewController.swift; sourceTree = "<group>"; };
		BBC9ADC5240BA2E8002322CE /* ContentsInfo.swift */ = {isa = PBXFileReference; lastKnownFileType = sourcecode.swift; path = ContentsInfo.swift; sourceTree = "<group>"; };
		BBC9ADCB240C8B13002322CE /* IntroViewController.swift */ = {isa = PBXFileReference; lastKnownFileType = sourcecode.swift; path = IntroViewController.swift; sourceTree = "<group>"; };
		BBC9ADCD240DF3CF002322CE /* BasicMultiplicationViewController.swift */ = {isa = PBXFileReference; lastKnownFileType = sourcecode.swift; path = BasicMultiplicationViewController.swift; sourceTree = "<group>"; };
		BBDB04C423493F9500A6793C /* TrachtenbergMaths.app */ = {isa = PBXFileReference; explicitFileType = wrapper.application; includeInIndex = 0; path = TrachtenbergMaths.app; sourceTree = BUILT_PRODUCTS_DIR; };
		BBDB04C723493F9500A6793C /* AppDelegate.swift */ = {isa = PBXFileReference; lastKnownFileType = sourcecode.swift; path = AppDelegate.swift; sourceTree = "<group>"; };
		BBDB04CC23493F9500A6793C /* Base */ = {isa = PBXFileReference; lastKnownFileType = file.storyboard; name = Base; path = Base.lproj/Main.storyboard; sourceTree = "<group>"; };
		BBDB04CE23493F9600A6793C /* Assets.xcassets */ = {isa = PBXFileReference; lastKnownFileType = folder.assetcatalog; path = Assets.xcassets; sourceTree = "<group>"; };
		BBDB04D123493F9600A6793C /* Base */ = {isa = PBXFileReference; lastKnownFileType = file.storyboard; name = Base; path = Base.lproj/LaunchScreen.storyboard; sourceTree = "<group>"; };
		BBDB04D323493F9700A6793C /* Info.plist */ = {isa = PBXFileReference; lastKnownFileType = text.plist.xml; path = Info.plist; sourceTree = "<group>"; };
/* End PBXFileReference section */

/* Begin PBXFrameworksBuildPhase section */
		BBDB04C123493F9500A6793C /* Frameworks */ = {
			isa = PBXFrameworksBuildPhase;
			buildActionMask = 2147483647;
			files = (
			);
			runOnlyForDeploymentPostprocessing = 0;
		};
/* End PBXFrameworksBuildPhase section */

/* Begin PBXGroup section */
		BBDB04BB23493F9500A6793C = {
			isa = PBXGroup;
			children = (
				BBDB04C623493F9500A6793C /* TrachtenbergMaths */,
				BBDB04C523493F9500A6793C /* Products */,
			);
			sourceTree = "<group>";
		};
		BBDB04C523493F9500A6793C /* Products */ = {
			isa = PBXGroup;
			children = (
				BBDB04C423493F9500A6793C /* TrachtenbergMaths.app */,
			);
			name = Products;
			sourceTree = "<group>";
		};
		BBDB04C623493F9500A6793C /* TrachtenbergMaths */ = {
			isa = PBXGroup;
			children = (
				BBDB04C723493F9500A6793C /* AppDelegate.swift */,
				BBDB04CB23493F9500A6793C /* Main.storyboard */,
				BBC9ADCD240DF3CF002322CE /* BasicMultiplicationViewController.swift */,
				BBC9ADCB240C8B13002322CE /* IntroViewController.swift */,
				BBC9ADC3240BA294002322CE /* ContentsTableViewController.swift */,
				BBC9ADC5240BA2E8002322CE /* ContentsInfo.swift */,
				BBDB04CE23493F9600A6793C /* Assets.xcassets */,
				BBDB04D023493F9600A6793C /* LaunchScreen.storyboard */,
				BBDB04D323493F9700A6793C /* Info.plist */,
			);
			path = TrachtenbergMaths;
			sourceTree = "<group>";
		};
/* End PBXGroup section */

/* Begin PBXNativeTarget section */
		BBDB04C323493F9500A6793C /* TrachtenbergMaths */ = {
			isa = PBXNativeTarget;
			buildConfigurationList = BBDB04D623493F9700A6793C /* Build configuration list for PBXNativeTarget "TrachtenbergMaths" */;
			buildPhases = (
				BBDB04C023493F9500A6793C /* Sources */,
				BBDB04C123493F9500A6793C /* Frameworks */,
				BBDB04C223493F9500A6793C /* Resources */,
			);
			buildRules = (
			);
			dependencies = (
			);
			name = TrachtenbergMaths;
			productName = TrachtenbergMaths;
			productReference = BBDB04C423493F9500A6793C /* TrachtenbergMaths.app */;
			productType = "com.apple.product-type.application";
		};
/* End PBXNativeTarget section */

/* Begin PBXProject section */
		BBDB04BC23493F9500A6793C /* Project object */ = {
			isa = PBXProject;
			attributes = {
				LastSwiftUpdateCheck = 1000;
				LastUpgradeCheck = 1000;
				ORGANIZATIONNAME = "Deb Santa Clara";
				TargetAttributes = {
					BBDB04C323493F9500A6793C = {
						CreatedOnToolsVersion = 10.0;
					};
				};
			};
			buildConfigurationList = BBDB04BF23493F9500A6793C /* Build configuration list for PBXProject "TrachtenbergMaths" */;
			compatibilityVersion = "Xcode 9.3";
			developmentRegion = en;
			hasScannedForEncodings = 0;
			knownRegions = (
				en,
				Base,
			);
			mainGroup = BBDB04BB23493F9500A6793C;
			productRefGroup = BBDB04C523493F9500A6793C /* Products */;
			projectDirPath = "";
			projectRoot = "";
			targets = (
				BBDB04C323493F9500A6793C /* TrachtenbergMaths */,
			);
		};
/* End PBXProject section */

/* Begin PBXResourcesBuildPhase section */
		BBDB04C223493F9500A6793C /* Resources */ = {
			isa = PBXResourcesBuildPhase;
			buildActionMask = 2147483647;
			files = (
				BBDB04D223493F9600A6793C /* LaunchScreen.storyboard in Resources */,
				BBDB04CF23493F9600A6793C /* Assets.xcassets in Resources */,
				BBDB04CD23493F9500A6793C /* Main.storyboard in Resources */,
			);
			runOnlyForDeploymentPostprocessing = 0;
		};
/* End PBXResourcesBuildPhase section */

/* Begin PBXSourcesBuildPhase section */
		BBDB04C023493F9500A6793C /* Sources */ = {
			isa = PBXSourcesBuildPhase;
			buildActionMask = 2147483647;
			files = (
				BBDB04C823493F9500A6793C /* AppDelegate.swift in Sources */,
				BBC9ADC6240BA2E8002322CE /* ContentsInfo.swift in Sources */,
				BBC9ADC4240BA294002322CE /* ContentsTableViewController.swift in Sources */,
				BBC9ADCE240DF3CF002322CE /* BasicMultiplicationViewController.swift in Sources */,
				BBC9ADCC240C8B13002322CE /* IntroViewController.swift in Sources */,
			);
			runOnlyForDeploymentPostprocessing = 0;
		};
/* End PBXSourcesBuildPhase section */

/* Begin PBXVariantGroup section */
		BBDB04CB23493F9500A6793C /* Main.storyboard */ = {
			isa = PBXVariantGroup;
			children = (
				BBDB04CC23493F9500A6793C /* Base */,
			);
			name = Main.storyboard;
			sourceTree = "<group>";
		};
		BBDB04D023493F9600A6793C /* LaunchScreen.storyboard */ = {
			isa = PBXVariantGroup;
			children = (
				BBDB04D123493F9600A6793C /* Base */,
			);
			name = LaunchScreen.storyboard;
			sourceTree = "<group>";
		};
/* End PBXVariantGroup section */

/* Begin XCBuildConfiguration section */
		BBDB04D423493F9700A6793C /* Debug */ = {
			isa = XCBuildConfiguration;
			buildSettings = {
				ALWAYS_SEARCH_USER_PATHS = NO;
				CLANG_ANALYZER_NONNULL = YES;
				CLANG_ANALYZER_NUMBER_OBJECT_CONVERSION = YES_AGGRESSIVE;
				CLANG_CXX_LANGUAGE_STANDARD = "gnu++14";
				CLANG_CXX_LIBRARY = "libc++";
				CLANG_ENABLE_MODULES = YES;
				CLANG_ENABLE_OBJC_ARC = YES;
				CLANG_ENABLE_OBJC_WEAK = YES;
				CLANG_WARN_BLOCK_CAPTURE_AUTORELEASING = YES;
				CLANG_WARN_BOOL_CONVERSION = YES;
				CLANG_WARN_COMMA = YES;
				CLANG_WARN_CONSTANT_CONVERSION = YES;
				CLANG_WARN_DEPRECATED_OBJC_IMPLEMENTATIONS = YES;
				CLANG_WARN_DIRECT_OBJC_ISA_USAGE = YES_ERROR;
				CLANG_WARN_DOCUMENTATION_COMMENTS = YES;
				CLANG_WARN_EMPTY_BODY = YES;
				CLANG_WARN_ENUM_CONVERSION = YES;
				CLANG_WARN_INFINITE_RECURSION = YES;
				CLANG_WARN_INT_CONVERSION = YES;
				CLANG_WARN_NON_LITERAL_NULL_CONVERSION = YES;
				CLANG_WARN_OBJC_IMPLICIT_RETAIN_SELF = YES;
				CLANG_WARN_OBJC_LITERAL_CONVERSION = YES;
				CLANG_WARN_OBJC_ROOT_CLASS = YES_ERROR;
				CLANG_WARN_RANGE_LOOP_ANALYSIS = YES;
				CLANG_WARN_STRICT_PROTOTYPES = YES;
				CLANG_WARN_SUSPICIOUS_MOVE = YES;
				CLANG_WARN_UNGUARDED_AVAILABILITY = YES_AGGRESSIVE;
				CLANG_WARN_UNREACHABLE_CODE = YES;
				CLANG_WARN__DUPLICATE_METHOD_MATCH = YES;
				CODE_SIGN_IDENTITY = "iPhone Developer";
				COPY_PHASE_STRIP = NO;
				DEBUG_INFORMATION_FORMAT = dwarf;
				ENABLE_STRICT_OBJC_MSGSEND = YES;
				ENABLE_TESTABILITY = YES;
				GCC_C_LANGUAGE_STANDARD = gnu11;
				GCC_DYNAMIC_NO_PIC = NO;
				GCC_NO_COMMON_BLOCKS = YES;
				GCC_OPTIMIZATION_LEVEL = 0;
				GCC_PREPROCESSOR_DEFINITIONS = (
					"DEBUG=1",
					"$(inherited)",
				);
				GCC_WARN_64_TO_32_BIT_CONVERSION = YES;
				GCC_WARN_ABOUT_RETURN_TYPE = YES_ERROR;
				GCC_WARN_UNDECLARED_SELECTOR = YES;
				GCC_WARN_UNINITIALIZED_AUTOS = YES_AGGRESSIVE;
				GCC_WARN_UNUSED_FUNCTION = YES;
				GCC_WARN_UNUSED_VARIABLE = YES;
				IPHONEOS_DEPLOYMENT_TARGET = 12.0;
				MTL_ENABLE_DEBUG_INFO = INCLUDE_SOURCE;
				MTL_FAST_MATH = YES;
				ONLY_ACTIVE_ARCH = YES;
				SDKROOT = iphoneos;
				SWIFT_ACTIVE_COMPILATION_CONDITIONS = DEBUG;
				SWIFT_OPTIMIZATION_LEVEL = "-Onone";
			};
			name = Debug;
		};
		BBDB04D523493F9700A6793C /* Release */ = {
			isa = XCBuildConfiguration;
			buildSettings = {
				ALWAYS_SEARCH_USER_PATHS = NO;
				CLANG_ANALYZER_NONNULL = YES;
				CLANG_ANALYZER_NUMBER_OBJECT_CONVERSION = YES_AGGRESSIVE;
				CLANG_CXX_LANGUAGE_STANDARD = "gnu++14";
				CLANG_CXX_LIBRARY = "libc++";
				CLANG_ENABLE_MODULES = YES;
				CLANG_ENABLE_OBJC_ARC = YES;
				CLANG_ENABLE_OBJC_WEAK = YES;
				CLANG_WARN_BLOCK_CAPTURE_AUTORELEASING = YES;
				CLANG_WARN_BOOL_CONVERSION = YES;
				CLANG_WARN_COMMA = YES;
				CLANG_WARN_CONSTANT_CONVERSION = YES;
				CLANG_WARN_DEPRECATED_OBJC_IMPLEMENTATIONS = YES;
				CLANG_WARN_DIRECT_OBJC_ISA_USAGE = YES_ERROR;
				CLANG_WARN_DOCUMENTATION_COMMENTS = YES;
				CLANG_WARN_EMPTY_BODY = YES;
				CLANG_WARN_ENUM_CONVERSION = YES;
				CLANG_WARN_INFINITE_RECURSION = YES;
				CLANG_WARN_INT_CONVERSION = YES;
				CLANG_WARN_NON_LITERAL_NULL_CONVERSION = YES;
				CLANG_WARN_OBJC_IMPLICIT_RETAIN_SELF = YES;
				CLANG_WARN_OBJC_LITERAL_CONVERSION = YES;
				CLANG_WARN_OBJC_ROOT_CLASS = YES_ERROR;
				CLANG_WARN_RANGE_LOOP_ANALYSIS = YES;
				CLANG_WARN_STRICT_PROTOTYPES = YES;
				CLANG_WARN_SUSPICIOUS_MOVE = YES;
				CLANG_WARN_UNGUARDED_AVAILABILITY = YES_AGGRESSIVE;
				CLANG_WARN_UNREACHABLE_CODE = YES;
				CLANG_WARN__DUPLICATE_METHOD_MATCH = YES;
				CODE_SIGN_IDENTITY = "iPhone Developer";
				COPY_PHASE_STRIP = NO;
				DEBUG_INFORMATION_FORMAT = "dwarf-with-dsym";
				ENABLE_NS_ASSERTIONS = NO;
				ENABLE_STRICT_OBJC_MSGSEND = YES;
				GCC_C_LANGUAGE_STANDARD = gnu11;
				GCC_NO_COMMON_BLOCKS = YES;
				GCC_WARN_64_TO_32_BIT_CONVERSION = YES;
				GCC_WARN_ABOUT_RETURN_TYPE = YES_ERROR;
				GCC_WARN_UNDECLARED_SELECTOR = YES;
				GCC_WARN_UNINITIALIZED_AUTOS = YES_AGGRESSIVE;
				GCC_WARN_UNUSED_FUNCTION = YES;
				GCC_WARN_UNUSED_VARIABLE = YES;
				IPHONEOS_DEPLOYMENT_TARGET = 12.0;
				MTL_ENABLE_DEBUG_INFO = NO;
				MTL_FAST_MATH = YES;
				SDKROOT = iphoneos;
				SWIFT_COMPILATION_MODE = wholemodule;
				SWIFT_OPTIMIZATION_LEVEL = "-O";
				VALIDATE_PRODUCT = YES;
			};
			name = Release;
		};
		BBDB04D723493F9700A6793C /* Debug */ = {
			isa = XCBuildConfiguration;
			buildSettings = {
				ASSETCATALOG_COMPILER_APPICON_NAME = AppIcon;
				CODE_SIGN_STYLE = Automatic;
				INFOPLIST_FILE = TrachtenbergMaths/Info.plist;
				LD_RUNPATH_SEARCH_PATHS = (
					"$(inherited)",
					"@executable_path/Frameworks",
				);
				PRODUCT_BUNDLE_IDENTIFIER = com.example.TrachtenbergMaths;
				PRODUCT_NAME = "$(TARGET_NAME)";
				SWIFT_VERSION = 4.2;
				TARGETED_DEVICE_FAMILY = 1;
			};
			name = Debug;
		};
		BBDB04D823493F9700A6793C /* Release */ = {
			isa = XCBuildConfiguration;
			buildSettings = {
				ASSETCATALOG_COMPILER_APPICON_NAME = AppIcon;
				CODE_SIGN_STYLE = Automatic;
				INFOPLIST_FILE = TrachtenbergMaths/Info.plist;
				LD_RUNPATH_SEARCH_PATHS = (
					"$(inherited)",
					"@executable_path/Frameworks",
				);
				PRODUCT_BUNDLE_IDENTIFIER = com.example.TrachtenbergMaths;
				PRODUCT_NAME = "$(TARGET_NAME)";
				SWIFT_VERSION = 4.2;
				TARGETED_DEVICE_FAMILY = 1;
			};
			name = Release;
		};
/* End XCBuildConfiguration section */

/* Begin XCConfigurationList section */
		BBDB04BF23493F9500A6793C /* Build configuration list for PBXProject "TrachtenbergMaths" */ = {
			isa = XCConfigurationList;
			buildConfigurations = (
				BBDB04D423493F9700A6793C /* Debug */,
				BBDB04D523493F9700A6793C /* Release */,
			);
			defaultConfigurationIsVisible = 0;
			defaultConfigurationName = Release;
		};
		BBDB04D623493F9700A6793C /* Build configuration list for PBXNativeTarget "TrachtenbergMaths" */ = {
			isa = XCConfigurationList;
			buildConfigurations = (
				BBDB04D723493F9700A6793C /* Debug */,
				BBDB04D823493F9700A6793C /* Release */,
			);
			defaultConfigurationIsVisible = 0;
			defaultConfigurationName = Release;
		};
/* End XCConfigurationList section */
	};
	rootObject = BBDB04BC23493F9500A6793C /* Project object */;
}
